version = 1
revision = 3
requires-python = ">=3.13"
resolution-markers = [
    "python_full_version >= '3.14' and sys_platform == 'win32'",
    "python_full_version >= '3.14' and sys_platform == 'emscripten'",
    "python_full_version >= '3.14' and sys_platform != 'emscripten' and sys_platform != 'win32'",
    "python_full_version < '3.14' and sys_platform == 'win32'",
    "python_full_version < '3.14' and sys_platform == 'emscripten'",
    "python_full_version < '3.14' and sys_platform != 'emscripten' and sys_platform != 'win32'",
]

[[package]]
name = "164"
version = "0.1.0"
source = { virtual = "." }
dependencies = [
    { name = "highspy" },
    { name = "numpy" },
    { name = "pandas" },
    { name = "pyomo" },
]

[package.metadata]
requires-dist = [
    { name = "highspy", specifier = ">=1.14.0" },
    { name = "numpy", specifier = ">=2.4.3" },
    { name = "pandas", specifier = ">=3.0.2" },
    { name = "pyomo", specifier = ">=6.10.0" },
]

[[package]]
name = "highspy"
version = "1.14.0"
source = { registry = "https://pypi.org/simple" }
dependencies = [
    { name = "numpy" },
]
sdist = { url = "https://files.pythonhosted.org/packages/7a/66/e74b1a805f65c52666e3b54cfc1ba783e745c2c8a7abaae9e7ef2d9e7270/highspy-1.14.0.tar.gz", hash = "sha256:b09cb5e3179a25fc615b8b0941130b0f71e19372c119f3dd620d63b54cd3ca4c", size = 1654913, upload-time = "2026-04-06T15:53:31.738Z" }
wheels = [
    { url = "https://files.pythonhosted.org/packages/2d/2e/43b5d51852a8b06a079cc324ee877a91d2e87128ecd99905b45840b0fd3e/highspy-1.14.0-cp313-cp313-macosx_10_13_x86_64.whl", hash = "sha256:777ce930bc29a984826bc4e65ca7fec0407284a30877bc0d179dacc6bb7ee972", size = 2311865, upload-time = "2026-04-06T15:52:24.112Z" },
    { url = "https://files.pythonhosted.org/packages/1d/49/7e1a308163954faa3e91cbc0f73282a24d99b9cb6e7314c6f4266fee88d5/highspy-1.14.0-cp313-cp313-macosx_11_0_arm64.whl", hash = "sha256:479be627bbdf7646dccf5621059b9416e6480c3ffa16998e6cc4de89c40a3716", size = 2122334, upload-time = "2026-04-06T15:52:25.938Z" },
    { url = "https://files.pythonhosted.org/packages/87/8c/8ae1a6f3f645deeaaf5522ebd47c61f7d856e8883dd5e7f51318e00ca287/highspy-1.14.0-cp313-cp313-manylinux_2_24_aarch64.manylinux_2_28_aarch64.whl", hash = "sha256:863a9363b624d0ef0a5a5bfcbe437bcd3891676c8b7c4d801462320b1387ef37", size = 2409256, upload-time = "2026-04-06T15:52:27.306Z" },
    { url = "https://files.pythonhosted.org/packages/7c/40/501586f760677501f3b2f19f0b7236515d06c08db29ccaae838a6f20c05d/highspy-1.14.0-cp313-cp313-manylinux_2_24_x86_64.manylinux_2_28_x86_64.whl", hash = "sha256:ba290153919da6368e9144189060a496077a738522555e89403504d379e8d63f", size = 2632208, upload-time = "2026-04-06T15:52:29.122Z" },
    { url = "https://files.pythonhosted.org/packages/ad/0c/a4137e3fd564fe2615093771463d66fa74cc4a2a94e6b68c15a0f8572218/highspy-1.14.0-cp313-cp313-manylinux_2_26_i686.manylinux_2_28_i686.whl", hash = "sha256:bdc317bc2572a591cf9f0f2415d4b0879f9f0a47bdff3cda44f85a943941e64b", size = 2792091, upload-time = "2026-04-06T15:52:30.586Z" },
    { url = "https://files.pythonhosted.org/packages/af/91/aa3d6758212f4bb14c4c424053932a030ead226f8138da396a0bb6216d66/highspy-1.14.0-cp313-cp313-musllinux_1_2_aarch64.whl", hash = "sha256:02a987e0020bf28757df9efbdfd6abde6d501b64294f8201301958095dae7979", size = 3466025, upload-time = "2026-04-06T15:52:32.209Z" },
    { url = "https://files.pythonhosted.org/packages/64/10/25cd0fe6b0dfbae39bee2b7a6dfb91e29b1c78a338e537eb5fc8475ea03d/highspy-1.14.0-cp313-cp313-musllinux_1_2_i686.whl", hash = "sha256:03c9b39a9ca8fe973eb89093ac386a8606ac37beb0e637b1a9255e31bfe87ef3", size = 4043109, upload-time = "2026-04-06T15:52:34.203Z" },
    { url = "https://files.pythonhosted.org/packages/8c/27/4dbcba90d2c8b2ddcd3157d62f5531c2bfa75a3e360b8f05ac52996b489b/highspy-1.14.0-cp313-cp313-musllinux_1_2_x86_64.whl", hash = "sha256:a92b50e7508b90c6d65b315b7dd3b37c6d0db331e698052f7054da523e446eb4", size = 3712794, upload-time = "2026-04-06T15:52:36.163Z" },
    { url = "https://files.pythonhosted.org/packages/de/5a/72d9840b26b0b26916bd7624d606f31a0ce83f14709fcfaf52df31e29898/highspy-1.14.0-cp313-cp313-win32.whl", hash = "sha256:e8eb72be8766717ec856cf5fa3fcadd8ddd59bee0f4d71d4f45ae0a2b861795f", size = 1955044, upload-time = "2026-04-06T15:52:37.532Z" },
    { url = "https://files.pythonhosted.org/packages/22/7e/89f07a03ff9f5460043ba4815583fd3fda22aa6d088be3fb730346ccae63/highspy-1.14.0-cp313-cp313-win_amd64.whl", hash = "sha256:3d15faaab62b408320373540bfd5a7b9a48e9a01072b847f2270b8d5d881647c", size = 2323514, upload-time = "2026-04-06T15:52:38.939Z" },
    { url = "https://files.pythonhosted.org/packages/27/d4/2658ccfef1c31e25a29e337c9ede3107394fad0a9535820a096cd50ad055/highspy-1.14.0-cp314-cp314-macosx_10_15_x86_64.whl", hash = "sha256:cc9dfde9ad829f3463627dab84152ceb4c30c08b89b19226bf8f69d47a7fed5d", size = 2317451, upload-time = "2026-04-06T15:52:40.659Z" },
    { url = "https://files.pythonhosted.org/packages/fc/f8/7d9be61c80a6daa782bf51b4324bf8425896bf120809ca804ad08f69d12e/highspy-1.14.0-cp314-cp314-macosx_11_0_arm64.whl", hash = "sha256:fc8ad7a6fc0a44c99b9aa3a3d0c3a917b50dfa8c61e332cb2ee1f7ea4c234e4f", size = 2121732, upload-time = "2026-04-06T15:52:42.189Z" },
    { url = "https://files.pythonhosted.org/packages/01/eb/47f960ccb56986c2c9ef4ce9f293bae95de7c22a662f6c45b844c316d7ff/highspy-1.14.0-cp314-cp314-manylinux_2_24_aarch64.manylinux_2_28_aarch64.whl", hash = "sha256:39339a7a000998ab26eb87add814222fcdc304d38cfba2f6e098189b53ef0a79", size = 2410647, upload-time = "2026-04-06T15:52:43.674Z" },
    { url = "https://files.pythonhosted.org/packages/2d/38/3b37047686105955e2d54ec753c3b9e9d135bdd8e5ee1df310a87be25472/highspy-1.14.0-cp314-cp314-manylinux_2_24_x86_64.manylinux_2_28_x86_64.whl", hash = "sha256:c8f31f2635517c7d370be612a1e9102481483c749b9db786760dd489fad22519", size = 2632928, upload-time = "2026-04-06T15:52:45.373Z" },
    { url = "https://files.pythonhosted.org/packages/23/73/2a6673db80a5388f364d0f7218af08aebbfc05c866d1b4cc2ec79bc4d822/highspy-1.14.0-cp314-cp314-manylinux_2_26_i686.manylinux_2_28_i686.whl", hash = "sha256:68b944014ce307e24921c3bf904253d8849799ded819bda39a4b09359074ea0a", size = 2791407, upload-time = "2026-04-06T15:52:47.051Z" },
    { url = "https://files.pythonhosted.org/packages/53/4b/75f862b96420dd77a5f88d6401212534833b99aa0ef971d4eddfd227f913/highspy-1.14.0-cp314-cp314-musllinux_1_2_aarch64.whl", hash = "sha256:03538f68dff2038582d8aa7f5d05690ce459435f498ea0022869fe962d70d8ae", size = 3471297, upload-time = "2026-04-06T15:52:48.892Z" },
    { url = "https://files.pythonhosted.org/packages/ed/17/564c24dcc05d6f11876485654956dfb6b2f4ba17f21ecafe84b059a17ab4/highspy-1.14.0-cp314-cp314-musllinux_1_2_i686.whl", hash = "sha256:a54d687522347348639a62df270f45546a3cbd84a6cd230dc41732e9559c766f", size = 4045124, upload-time = "2026-04-06T15:52:50.383Z" },
    { url = "https://files.pythonhosted.org/packages/b1/34/a611fe3271be165fb13a7b85970820579515d652bd59f69aed001ed2ff98/highspy-1.14.0-cp314-cp314-musllinux_1_2_x86_64.whl", hash = "sha256:88db4d1ebefb119991ff16adb624c682ebc20fc586c86156843cb4be7c965d8a", size = 3713436, upload-time = "2026-04-06T15:52:51.849Z" },
    { url = "https://files.pythonhosted.org/packages/e7/0d/001726678facdd7ca435d430bf039732cc50d77fdbd6231fd3bac428893b/highspy-1.14.0-cp314-cp314-win32.whl", hash = "sha256:7a85730676ffc88eadca1721252bec168f6ffc0423f6141f6ad41f79bb441327", size = 1999958, upload-time = "2026-04-06T15:52:54.154Z" },
    { url = "https://files.pythonhosted.org/packages/a4/4d/c7f2b5c23c4b7103095a9959add5119c5653c17c6bc7817fd003bd3ba8c6/highspy-1.14.0-cp314-cp314-win_amd64.whl", hash = "sha256:90b7074d4bc34a4390636aaf9e4232ae15d4536098f1f1f39f04329c08751148", size = 2410786, upload-time = "2026-04-06T15:52:56.161Z" },
]

[[package]]
name = "numpy"
version = "2.4.3"
source = { registry = "https://pypi.org/simple" }
sdist = { url = "https://files.pythonhosted.org/packages/10/8b/c265f4823726ab832de836cdd184d0986dcf94480f81e8739692a7ac7af2/numpy-2.4.3.tar.gz", hash = "sha256:483a201202b73495f00dbc83796c6ae63137a9bdade074f7648b3e32613412dd", size = 20727743, upload-time = "2026-03-09T07:58:53.426Z" }
wheels = [
    { url = "https://files.pythonhosted.org/packages/b6/d0/1fe47a98ce0df229238b77611340aff92d52691bcbc10583303181abf7fc/numpy-2.4.3-cp313-cp313-macosx_10_13_x86_64.whl", hash = "sha256:b346845443716c8e542d54112966383b448f4a3ba5c66409771b8c0889485dd3", size = 16665297, upload-time = "2026-03-09T07:56:52.296Z" },
    { url = "https://files.pythonhosted.org/packages/27/d9/4e7c3f0e68dfa91f21c6fb6cf839bc829ec920688b1ce7ec722b1a6202fb/numpy-2.4.3-cp313-cp313-macosx_11_0_arm64.whl", hash = "sha256:2629289168f4897a3c4e23dc98d6f1731f0fc0fe52fb9db19f974041e4cc12b9", size = 14691853, upload-time = "2026-03-09T07:56:54.992Z" },
    { url = "https://files.pythonhosted.org/packages/3a/66/bd096b13a87549683812b53ab211e6d413497f84e794fb3c39191948da97/numpy-2.4.3-cp313-cp313-macosx_14_0_arm64.whl", hash = "sha256:bb2e3cf95854233799013779216c57e153c1ee67a0bf92138acca0e429aefaee", size = 5198435, upload-time = "2026-03-09T07:56:57.184Z" },
    { url = "https://files.pythonhosted.org/packages/a2/2f/687722910b5a5601de2135c891108f51dfc873d8e43c8ed9f4ebb440b4a2/numpy-2.4.3-cp313-cp313-macosx_14_0_x86_64.whl", hash = "sha256:7f3408ff897f8ab07a07fbe2823d7aee6ff644c097cc1f90382511fe982f647f", size = 6546347, upload-time = "2026-03-09T07:56:59.531Z" },
    { url = "https://files.pythonhosted.org/packages/bf/ec/7971c4e98d86c564750393fab8d7d83d0a9432a9d78bb8a163a6dc59967a/numpy-2.4.3-cp313-cp313-manylinux_2_27_aarch64.manylinux_2_28_aarch64.whl", hash = "sha256:decb0eb8a53c3b009b0962378065589685d66b23467ef5dac16cbe818afde27f", size = 15664626, upload-time = "2026-03-09T07:57:01.385Z" },
    { url = "https://files.pythonhosted.org/packages/7e/eb/7daecbea84ec935b7fc732e18f532073064a3816f0932a40a17f3349185f/numpy-2.4.3-cp313-cp313-manylinux_2_27_x86_64.manylinux_2_28_x86_64.whl", hash = "sha256:d5f51900414fc9204a0e0da158ba2ac52b75656e7dce7e77fb9f84bfa343b4cc", size = 16608916, upload-time = "2026-03-09T07:57:04.008Z" },
    { url = "https://files.pythonhosted.org/packages/df/58/2a2b4a817ffd7472dca4421d9f0776898b364154e30c95f42195041dc03b/numpy-2.4.3-cp313-cp313-musllinux_1_2_aarch64.whl", hash = "sha256:6bd06731541f89cdc01b261ba2c9e037f1543df7472517836b78dfb15bd6e476", size = 17015824, upload-time = "2026-03-09T07:57:06.347Z" },
    { url = "https://files.pythonhosted.org/packages/4a/ca/627a828d44e78a418c55f82dd4caea8ea4a8ef24e5144d9e71016e52fb40/numpy-2.4.3-cp313-cp313-musllinux_1_2_x86_64.whl", hash = "sha256:22654fe6be0e5206f553a9250762c653d3698e46686eee53b399ab90da59bd92", size = 18334581, upload-time = "2026-03-09T07:57:09.114Z" },
    { url = "https://files.pythonhosted.org/packages/cd/c0/76f93962fc79955fcba30a429b62304332345f22d4daec1cb33653425643/numpy-2.4.3-cp313-cp313-win32.whl", hash = "sha256:d71e379452a2f670ccb689ec801b1218cd3983e253105d6e83780967e899d687", size = 5958618, upload-time = "2026-03-09T07:57:11.432Z" },
    { url = "https://files.pythonhosted.org/packages/b1/3c/88af0040119209b9b5cb59485fa48b76f372c73068dbf9254784b975ac53/numpy-2.4.3-cp313-cp313-win_amd64.whl", hash = "sha256:0a60e17a14d640f49146cb38e3f105f571318db7826d9b6fef7e4dce758faecd", size = 12312824, upload-time = "2026-03-09T07:57:13.586Z" },
    { url = "https://files.pythonhosted.org/packages/58/ce/3d07743aced3d173f877c3ef6a454c2174ba42b584ab0b7e6d99374f51ed/numpy-2.4.3-cp313-cp313-win_arm64.whl", hash = "sha256:c9619741e9da2059cd9c3f206110b97583c7152c1dc9f8aafd4beb450ac1c89d", size = 10221218, upload-time = "2026-03-09T07:57:16.183Z" },
    { url = "https://files.pythonhosted.org/packages/62/09/d96b02a91d09e9d97862f4fc8bfebf5400f567d8eb1fe4b0cc4795679c15/numpy-2.4.3-cp313-cp313t-macosx_11_0_arm64.whl", hash = "sha256:7aa4e54f6469300ebca1d9eb80acd5253cdfa36f2c03d79a35883687da430875", size = 14819570, upload-time = "2026-03-09T07:57:18.564Z" },
    { url = "https://files.pythonhosted.org/packages/b5/ca/0b1aba3905fdfa3373d523b2b15b19029f4f3031c87f4066bd9d20ef6c6b/numpy-2.4.3-cp313-cp313t-macosx_14_0_arm64.whl", hash = "sha256:d1b90d840b25874cf5cd20c219af10bac3667db3876d9a495609273ebe679070", size = 5326113, upload-time = "2026-03-09T07:57:21.052Z" },
    { url = "https://files.pythonhosted.org/packages/c0/63/406e0fd32fcaeb94180fd6a4c41e55736d676c54346b7efbce548b94a914/numpy-2.4.3-cp313-cp313t-macosx_14_0_x86_64.whl", hash = "sha256:a749547700de0a20a6718293396ec237bb38218049cfce788e08fcb716e8cf73", size = 6646370, upload-time = "2026-03-09T07:57:22.804Z" },
    { url = "https://files.pythonhosted.org/packages/b6/d0/10f7dc157d4b37af92720a196be6f54f889e90dcd30dce9dc657ed92c257/numpy-2.4.3-cp313-cp313t-manylinux_2_27_aarch64.manylinux_2_28_aarch64.whl", hash = "sha256:94f3c4a151a2e529adf49c1d54f0f57ff8f9b233ee4d44af623a81553ab86368", size = 15723499, upload-time = "2026-03-09T07:57:24.693Z" },
    { url = "https://files.pythonhosted.org/packages/66/f1/d1c2bf1161396629701bc284d958dc1efa3a5a542aab83cf11ee6eb4cba5/numpy-2.4.3-cp313-cp313t-manylinux_2_27_x86_64.manylinux_2_28_x86_64.whl", hash = "sha256:22c31dc07025123aedf7f2db9e91783df13f1776dc52c6b22c620870dc0fab22", size = 16657164, upload-time = "2026-03-09T07:57:27.676Z" },
    { url = "https://files.pythonhosted.org/packages/1a/be/cca19230b740af199ac47331a21c71e7a3d0ba59661350483c1600d28c37/numpy-2.4.3-cp313-cp313t-musllinux_1_2_aarch64.whl", hash = "sha256:148d59127ac95979d6f07e4d460f934ebdd6eed641db9c0db6c73026f2b2101a", size = 17081544, upload-time = "2026-03-09T07:57:30.664Z" },
    { url = "https://files.pythonhosted.org/packages/b9/c5/9602b0cbb703a0936fb40f8a95407e8171935b15846de2f0776e08af04c7/numpy-2.4.3-cp313-cp313t-musllinux_1_2_x86_64.whl", hash = "sha256:a97cbf7e905c435865c2d939af3d93f99d18eaaa3cabe4256f4304fb51604349", size = 18380290, upload-time = "2026-03-09T07:57:33.763Z" },
    { url = "https://files.pythonhosted.org/packages/ed/81/9f24708953cd30be9ee36ec4778f4b112b45165812f2ada4cc5ea1c1f254/numpy-2.4.3-cp313-cp313t-win32.whl", hash = "sha256:be3b8487d725a77acccc9924f65fd8bce9af7fac8c9820df1049424a2115af6c", size = 6082814, upload-time = "2026-03-09T07:57:36.491Z" },
    { url = "https://files.pythonhosted.org/packages/e2/9e/52f6eaa13e1a799f0ab79066c17f7016a4a8ae0c1aefa58c82b4dab690b4/numpy-2.4.3-cp313-cp313t-win_amd64.whl", hash = "sha256:1ec84fd7c8e652b0f4aaaf2e6e9cc8eaa9b1b80a537e06b2e3a2fb176eedcb26", size = 12452673, upload-time = "2026-03-09T07:57:38.281Z" },
    { url = "https://files.pythonhosted.org/packages/c4/04/b8cece6ead0b30c9fbd99bb835ad7ea0112ac5f39f069788c5558e3b1ab2/numpy-2.4.3-cp313-cp313t-win_arm64.whl", hash = "sha256:120df8c0a81ebbf5b9020c91439fccd85f5e018a927a39f624845be194a2be02", size = 10290907, upload-time = "2026-03-09T07:57:40.747Z" },
    { url = "https://files.pythonhosted.org/packages/70/ae/3936f79adebf8caf81bd7a599b90a561334a658be4dcc7b6329ebf4ee8de/numpy-2.4.3-cp314-cp314-macosx_10_15_x86_64.whl", hash = "sha256:5884ce5c7acfae1e4e1b6fde43797d10aa506074d25b531b4f54bde33c0c31d4", size = 16664563, upload-time = "2026-03-09T07:57:43.817Z" },
    { url = "https://files.pythonhosted.org/packages/9b/62/760f2b55866b496bb1fa7da2a6db076bef908110e568b02fcfc1422e2a3a/numpy-2.4.3-cp314-cp314-macosx_11_0_arm64.whl", hash = "sha256:297837823f5bc572c5f9379b0c9f3a3365f08492cbdc33bcc3af174372ebb168", size = 14702161, upload-time = "2026-03-09T07:57:46.169Z" },
    { url = "https://files.pythonhosted.org/packages/32/af/a7a39464e2c0a21526fb4fb76e346fb172ebc92f6d1c7a07c2c139cc17b1/numpy-2.4.3-cp314-cp314-macosx_14_0_arm64.whl", hash = "sha256:a111698b4a3f8dcbe54c64a7708f049355abd603e619013c346553c1fd4ca90b", size = 5208738, upload-time = "2026-03-09T07:57:48.506Z" },
    { url = "https://files.pythonhosted.org/packages/29/8c/2a0cf86a59558fa078d83805589c2de490f29ed4fb336c14313a161d358a/numpy-2.4.3-cp314-cp314-macosx_14_0_x86_64.whl", hash = "sha256:4bd4741a6a676770e0e97fe9ab2e51de01183df3dcbcec591d26d331a40de950", size = 6543618, upload-time = "2026-03-09T07:57:50.591Z" },
    { url = "https://files.pythonhosted.org/packages/aa/b8/612ce010c0728b1c363fa4ea3aa4c22fe1c5da1de008486f8c2f5cb92fae/numpy-2.4.3-cp314-cp314-manylinux_2_27_aarch64.manylinux_2_28_aarch64.whl", hash = "sha256:54f29b877279d51e210e0c80709ee14ccbbad647810e8f3d375561c45ef613dd", size = 15680676, upload-time = "2026-03-09T07:57:52.34Z" },
    { url = "https://files.pythonhosted.org/packages/a9/7e/4f120ecc54ba26ddf3dc348eeb9eb063f421de65c05fc961941798feea18/numpy-2.4.3-cp314-cp314-manylinux_2_27_x86_64.manylinux_2_28_x86_64.whl", hash = "sha256:679f2a834bae9020f81534671c56fd0cc76dd7e5182f57131478e23d0dc59e24", size = 16613492, upload-time = "2026-03-09T07:57:54.91Z" },
    { url = "https://files.pythonhosted.org/packages/2c/86/1b6020db73be330c4b45d5c6ee4295d59cfeef0e3ea323959d053e5a6909/numpy-2.4.3-cp314-cp314-musllinux_1_2_aarch64.whl", hash = "sha256:d84f0f881cb2225c2dfd7f78a10a5645d487a496c6668d6cc39f0f114164f3d0", size = 17031789, upload-time = "2026-03-09T07:57:57.641Z" },
    { url = "https://files.pythonhosted.org/packages/07/3a/3b90463bf41ebc21d1b7e06079f03070334374208c0f9a1f05e4ae8455e7/numpy-2.4.3-cp314-cp314-musllinux_1_2_x86_64.whl", hash = "sha256:d213c7e6e8d211888cc359bab7199670a00f5b82c0978b9d1c75baf1eddbeac0", size = 18339941, upload-time = "2026-03-09T07:58:00.577Z" },
    { url = "https://files.pythonhosted.org/packages/a8/74/6d736c4cd962259fd8bae9be27363eb4883a2f9069763747347544c2a487/numpy-2.4.3-cp314-cp314-win32.whl", hash = "sha256:52077feedeff7c76ed7c9f1a0428558e50825347b7545bbb8523da2cd55c547a", size = 6007503, upload-time = "2026-03-09T07:58:03.331Z" },
    { url = "https://files.pythonhosted.org/packages/48/39/c56ef87af669364356bb011922ef0734fc49dad51964568634c72a009488/numpy-2.4.3-cp314-cp314-win_amd64.whl", hash = "sha256:0448e7f9caefb34b4b7dd2b77f21e8906e5d6f0365ad525f9f4f530b13df2afc", size = 12444915, upload-time = "2026-03-09T07:58:06.353Z" },
    { url = "https://files.pythonhosted.org/packages/9d/1f/ab8528e38d295fd349310807496fabb7cf9fe2e1f70b97bc20a483ea9d4a/numpy-2.4.3-cp314-cp314-win_arm64.whl", hash = "sha256:b44fd60341c4d9783039598efadd03617fa28d041fc37d22b62d08f2027fa0e7", size = 10494875, upload-time = "2026-03-09T07:58:08.734Z" },
    { url = "https://files.pythonhosted.org/packages/e6/ef/b7c35e4d5ef141b836658ab21a66d1a573e15b335b1d111d31f26c8ef80f/numpy-2.4.3-cp314-cp314t-macosx_11_0_arm64.whl", hash = "sha256:0a195f4216be9305a73c0e91c9b026a35f2161237cf1c6de9b681637772ea657", size = 14822225, upload-time = "2026-03-09T07:58:11.034Z" },
    { url = "https://files.pythonhosted.org/packages/cd/8d/7730fa9278cf6648639946cc816e7cc89f0d891602584697923375f801ed/numpy-2.4.3-cp314-cp314t-macosx_14_0_arm64.whl", hash = "sha256:cd32fbacb9fd1bf041bf8e89e4576b6f00b895f06d00914820ae06a616bdfef7", size = 5328769, upload-time = "2026-03-09T07:58:13.67Z" },
    { url = "https://files.pythonhosted.org/packages/47/01/d2a137317c958b074d338807c1b6a383406cdf8b8e53b075d804cc3d211d/numpy-2.4.3-cp314-cp314t-macosx_14_0_x86_64.whl", hash = "sha256:2e03c05abaee1f672e9d67bc858f300b5ccba1c21397211e8d77d98350972093", size = 6649461, upload-time = "2026-03-09T07:58:15.912Z" },
    { url = "https://files.pythonhosted.org/packages/5c/34/812ce12bc0f00272a4b0ec0d713cd237cb390666eb6206323d1cc9cedbb2/numpy-2.4.3-cp314-cp314t-manylinux_2_27_aarch64.manylinux_2_28_aarch64.whl", hash = "sha256:7d1ce23cce91fcea443320a9d0ece9b9305d4368875bab09538f7a5b4131938a", size = 15725809, upload-time = "2026-03-09T07:58:17.787Z" },
    { url = "https://files.pythonhosted.org/packages/25/c0/2aed473a4823e905e765fee3dc2cbf504bd3e68ccb1150fbdabd5c39f527/numpy-2.4.3-cp314-cp314t-manylinux_2_27_x86_64.manylinux_2_28_x86_64.whl", hash = "sha256:c59020932feb24ed49ffd03704fbab89f22aa9c0d4b180ff45542fe8918f5611", size = 16655242, upload-time = "2026-03-09T07:58:20.476Z" },
    { url = "https://files.pythonhosted.org/packages/f2/c8/7e052b2fc87aa0e86de23f20e2c42bd261c624748aa8efd2c78f7bb8d8c6/numpy-2.4.3-cp314-cp314t-musllinux_1_2_aarch64.whl", hash = "sha256:9684823a78a6cd6ad7511fc5e25b07947d1d5b5e2812c93fe99d7d4195130720", size = 17080660, upload-time = "2026-03-09T07:58:23.067Z" },
    { url = "https://files.pythonhosted.org/packages/f3/3d/0876746044db2adcb11549f214d104f2e1be00f07a67edbb4e2812094847/numpy-2.4.3-cp314-cp314t-musllinux_1_2_x86_64.whl", hash = "sha256:0200b25c687033316fb39f0ff4e3e690e8957a2c3c8d22499891ec58c37a3eb5", size = 18380384, upload-time = "2026-03-09T07:58:25.839Z" },
    { url = "https://files.pythonhosted.org/packages/07/12/8160bea39da3335737b10308df4f484235fd297f556745f13092aa039d3b/numpy-2.4.3-cp314-cp314t-win32.whl", hash = "sha256:5e10da9e93247e554bb1d22f8edc51847ddd7dde52d85ce31024c1b4312bfba0", size = 6154547, upload-time = "2026-03-09T07:58:28.289Z" },
    { url = "https://files.pythonhosted.org/packages/42/f3/76534f61f80d74cc9cdf2e570d3d4eeb92c2280a27c39b0aaf471eda7b48/numpy-2.4.3-cp314-cp314t-win_amd64.whl", hash = "sha256:45f003dbdffb997a03da2d1d0cb41fbd24a87507fb41605c0420a3db5bd4667b", size = 12633645, upload-time = "2026-03-09T07:58:30.384Z" },
    { url = "https://files.pythonhosted.org/packages/1f/b6/7c0d4334c15983cec7f92a69e8ce9b1e6f31857e5ee3a413ac424e6bd63d/numpy-2.4.3-cp314-cp314t-win_arm64.whl", hash = "sha256:4d382735cecd7bcf090172489a525cd7d4087bc331f7df9f60ddc9a296cf208e", size = 10565454, upload-time = "2026-03-09T07:58:33.031Z" },
]

[[package]]
name = "pandas"
version = "3.0.2"
source = { registry = "https://pypi.org/simple" }
dependencies = [
    { name = "numpy" },
    { name = "python-dateutil" },
    { name = "tzdata", marker = "sys_platform == 'emscripten' or sys_platform == 'win32'" },
]
sdist = { url = "https://files.pythonhosted.org/packages/da/99/b342345300f13440fe9fe385c3c481e2d9a595ee3bab4d3219247ac94e9a/pandas-3.0.2.tar.gz", hash = "sha256:f4753e73e34c8d83221ba58f232433fca2748be8b18dbca02d242ed153945043", size = 4645855, upload-time = "2026-03-31T06:48:30.816Z" }
wheels = [
    { url = "https://files.pythonhosted.org/packages/bf/ca/3e639a1ea6fcd0617ca4e8ca45f62a74de33a56ae6cd552735470b22c8d3/pandas-3.0.2-cp313-cp313-macosx_10_13_x86_64.whl", hash = "sha256:b5918ba197c951dec132b0c5929a00c0bf05d5942f590d3c10a807f6e15a57d3", size = 10321105, upload-time = "2026-03-31T06:46:57.327Z" },
    { url = "https://files.pythonhosted.org/packages/0b/77/dbc82ff2fb0e63c6564356682bf201edff0ba16c98630d21a1fb312a8182/pandas-3.0.2-cp313-cp313-macosx_11_0_arm64.whl", hash = "sha256:d606a041c89c0a474a4702d532ab7e73a14fe35c8d427b972a625c8e46373668", size = 9864088, upload-time = "2026-03-31T06:46:59.935Z" },
    { url = "https://files.pythonhosted.org/packages/5c/2b/341f1b04bbca2e17e13cd3f08c215b70ef2c60c5356ef1e8c6857449edc7/pandas-3.0.2-cp313-cp313-manylinux_2_24_aarch64.manylinux_2_28_aarch64.whl", hash = "sha256:710246ba0616e86891b58ab95f2495143bb2bc83ab6b06747c74216f583a6ac9", size = 10369066, upload-time = "2026-03-31T06:47:02.792Z" },
    { url = "https://files.pythonhosted.org/packages/12/c5/cbb1ffefb20a93d3f0e1fdcda699fb84976210d411b008f97f48bf6ce27e/pandas-3.0.2-cp313-cp313-manylinux_2_24_x86_64.manylinux_2_28_x86_64.whl", hash = "sha256:5d3cfe227c725b1f3dff4278b43d8c784656a42a9325b63af6b1492a8232209e", size = 10876780, upload-time = "2026-03-31T06:47:06.205Z" },
    { url = "https://files.pythonhosted.org/packages/98/fe/2249ae5e0a69bd0ddf17353d0a5d26611d70970111f5b3600cdc8be883e7/pandas-3.0.2-cp313-cp313-musllinux_1_2_aarch64.whl", hash = "sha256:c3b723df9087a9a9a840e263ebd9f88b64a12075d1bf2ea401a5a42f254f084d", size = 11375181, upload-time = "2026-03-31T06:47:09.383Z" },
    { url = "https://files.pythonhosted.org/packages/de/64/77a38b09e70b6464883b8d7584ab543e748e42c1b5d337a2ee088e0df741/pandas-3.0.2-cp313-cp313-musllinux_1_2_x86_64.whl", hash = "sha256:a3096110bf9eac0070b7208465f2740e2d8a670d5cb6530b5bb884eca495fd39", size = 11928899, upload-time = "2026-03-31T06:47:12.686Z" },
    { url = "https://files.pythonhosted.org/packages/5e/52/42855bf626868413f761addd574acc6195880ae247a5346477a4361c3acb/pandas-3.0.2-cp313-cp313-win_amd64.whl", hash = "sha256:07a10f5c36512eead51bc578eb3354ad17578b22c013d89a796ab5eee90cd991", size = 9746574, upload-time = "2026-03-31T06:47:15.64Z" },
    { url = "https://files.pythonhosted.org/packages/88/39/21304ae06a25e8bf9fc820d69b29b2c495b2ae580d1e143146c309941760/pandas-3.0.2-cp313-cp313-win_arm64.whl", hash = "sha256:5fdbfa05931071aba28b408e59226186b01eb5e92bea2ab78b65863ca3228d84", size = 9047156, upload-time = "2026-03-31T06:47:18.595Z" },
    { url = "https://files.pythonhosted.org/packages/72/20/7defa8b27d4f330a903bb68eea33be07d839c5ea6bdda54174efcec0e1d2/pandas-3.0.2-cp313-cp313t-macosx_10_13_x86_64.whl", hash = "sha256:dbc20dea3b9e27d0e66d74c42b2d0c1bed9c2ffe92adea33633e3bedeb5ac235", size = 10756238, upload-time = "2026-03-31T06:47:22.012Z" },
    { url = "https://files.pythonhosted.org/packages/e9/95/49433c14862c636afc0e9b2db83ff16b3ad92959364e52b2955e44c8e94c/pandas-3.0.2-cp313-cp313t-macosx_11_0_arm64.whl", hash = "sha256:b75c347eff42497452116ce05ef461822d97ce5b9ff8df6edacb8076092c855d", size = 10408520, upload-time = "2026-03-31T06:47:25.197Z" },
    { url = "https://files.pythonhosted.org/packages/3b/f8/462ad2b5881d6b8ec8e5f7ed2ea1893faa02290d13870a1600fe72ad8efc/pandas-3.0.2-cp313-cp313t-manylinux_2_24_aarch64.manylinux_2_28_aarch64.whl", hash = "sha256:d1478075142e83a5571782ad007fb201ed074bdeac7ebcc8890c71442e96adf7", size = 10324154, upload-time = "2026-03-31T06:47:28.097Z" },
    { url = "https://files.pythonhosted.org/packages/0a/65/d1e69b649cbcddda23ad6e4c40ef935340f6f652a006e5cbc3555ac8adb3/pandas-3.0.2-cp313-cp313t-manylinux_2_24_x86_64.manylinux_2_28_x86_64.whl", hash = "sha256:5880314e69e763d4c8b27937090de570f1fb8d027059a7ada3f7f8e98bdcb677", size = 10714449, upload-time = "2026-03-31T06:47:30.85Z" },
    { url = "https://files.pythonhosted.org/packages/47/a4/85b59bc65b8190ea3689882db6cdf32a5003c0ccd5a586c30fdcc3ffc4fc/pandas-3.0.2-cp313-cp313t-musllinux_1_2_aarch64.whl", hash = "sha256:b5329e26898896f06035241a626d7c335daa479b9bbc82be7c2742d048e41172", size = 11338475, upload-time = "2026-03-31T06:47:34.026Z" },
    { url = "https://files.pythonhosted.org/packages/1e/c4/bc6966c6e38e5d9478b935272d124d80a589511ed1612a5d21d36f664c68/pandas-3.0.2-cp313-cp313t-musllinux_1_2_x86_64.whl", hash = "sha256:81526c4afd31971f8b62671442a4b2b51e0aa9acc3819c9f0f12a28b6fcf85f1", size = 11786568, upload-time = "2026-03-31T06:47:36.941Z" },
    { url = "https://files.pythonhosted.org/packages/e8/74/09298ca9740beed1d3504e073d67e128aa07e5ca5ca2824b0c674c0b8676/pandas-3.0.2-cp313-cp313t-win_amd64.whl", hash = "sha256:7cadd7e9a44ec13b621aec60f9150e744cfc7a3dd32924a7e2f45edff31823b0", size = 10488652, upload-time = "2026-03-31T06:47:40.612Z" },
    { url = "https://files.pythonhosted.org/packages/bb/40/c6ea527147c73b24fc15c891c3fcffe9c019793119c5742b8784a062c7db/pandas-3.0.2-cp314-cp314-macosx_10_15_x86_64.whl", hash = "sha256:db0dbfd2a6cdf3770aa60464d50333d8f3d9165b2f2671bcc299b72de5a6677b", size = 10326084, upload-time = "2026-03-31T06:47:43.834Z" },
    { url = "https://files.pythonhosted.org/packages/95/25/bdb9326c3b5455f8d4d3549fce7abcf967259de146fe2cf7a82368141948/pandas-3.0.2-cp314-cp314-macosx_11_0_arm64.whl", hash = "sha256:0555c5882688a39317179ab4a0ed41d3ebc8812ab14c69364bbee8fb7a3f6288", size = 9914146, upload-time = "2026-03-31T06:47:46.67Z" },
    { url = "https://files.pythonhosted.org/packages/8d/77/3a227ff3337aa376c60d288e1d61c5d097131d0ac71f954d90a8f369e422/pandas-3.0.2-cp314-cp314-manylinux_2_24_aarch64.manylinux_2_28_aarch64.whl", hash = "sha256:01f31a546acd5574ef77fe199bc90b55527c225c20ccda6601cf6b0fd5ed597c", size = 10444081, upload-time = "2026-03-31T06:47:49.681Z" },
    { url = "https://files.pythonhosted.org/packages/15/88/3cdd54fa279341afa10acf8d2b503556b1375245dccc9315659f795dd2e9/pandas-3.0.2-cp314-cp314-manylinux_2_24_x86_64.manylinux_2_28_x86_64.whl", hash = "sha256:deeca1b5a931fdf0c2212c8a659ade6d3b1edc21f0914ce71ef24456ca7a6535", size = 10897535, upload-time = "2026-03-31T06:47:53.033Z" },
    { url = "https://files.pythonhosted.org/packages/06/9d/98cc7a7624f7932e40f434299260e2917b090a579d75937cb8a57b9d2de3/pandas-3.0.2-cp314-cp314-musllinux_1_2_aarch64.whl", hash = "sha256:0f48afd9bb13300ffb5a3316973324c787054ba6665cda0da3fbd67f451995db", size = 11446992, upload-time = "2026-03-31T06:47:56.193Z" },
    { url = "https://files.pythonhosted.org/packages/9a/cd/19ff605cc3760e80602e6826ddef2824d8e7050ed80f2e11c4b079741dc3/pandas-3.0.2-cp314-cp314-musllinux_1_2_x86_64.whl", hash = "sha256:6c4d8458b97a35717b62469a4ea0e85abd5ed8687277f5ccfc67f8a5126f8c53", size = 11968257, upload-time = "2026-03-31T06:47:59.137Z" },
    { url = "https://files.pythonhosted.org/packages/db/60/aba6a38de456e7341285102bede27514795c1eaa353bc0e7638b6b785356/pandas-3.0.2-cp314-cp314-win_amd64.whl", hash = "sha256:b35d14bb5d8285d9494fe93815a9e9307c0876e10f1e8e89ac5b88f728ec8dcf", size = 9865893, upload-time = "2026-03-31T06:48:02.038Z" },
    { url = "https://files.pythonhosted.org/packages/08/71/e5ec979dd2e8a093dacb8864598c0ff59a0cee0bbcdc0bfec16a51684d4f/pandas-3.0.2-cp314-cp314-win_arm64.whl", hash = "sha256:63d141b56ef686f7f0d714cfb8de4e320475b86bf4b620aa0b7da89af8cbdbbb", size = 9188644, upload-time = "2026-03-31T06:48:05.045Z" },
    { url = "https://files.pythonhosted.org/packages/f1/6c/7b45d85db19cae1eb524f2418ceaa9d85965dcf7b764ed151386b7c540f0/pandas-3.0.2-cp314-cp314t-macosx_10_15_x86_64.whl", hash = "sha256:140f0cffb1fa2524e874dde5b477d9defe10780d8e9e220d259b2c0874c89d9d", size = 10776246, upload-time = "2026-03-31T06:48:07.789Z" },
    { url = "https://files.pythonhosted.org/packages/a8/3e/7b00648b086c106e81766f25322b48aa8dfa95b55e621dbdf2fdd413a117/pandas-3.0.2-cp314-cp314t-macosx_11_0_arm64.whl", hash = "sha256:ae37e833ff4fed0ba352f6bdd8b73ba3ab3256a85e54edfd1ab51ae40cca0af8", size = 10424801, upload-time = "2026-03-31T06:48:10.897Z" },
    { url = "https://files.pythonhosted.org/packages/da/6e/558dd09a71b53b4008e7fc8a98ec6d447e9bfb63cdaeea10e5eb9b2dabe8/pandas-3.0.2-cp314-cp314t-manylinux_2_24_aarch64.manylinux_2_28_aarch64.whl", hash = "sha256:4d888a5c678a419a5bb41a2a93818e8ed9fd3172246555c0b37b7cc27027effd", size = 10345643, upload-time = "2026-03-31T06:48:13.7Z" },
    { url = "https://files.pythonhosted.org/packages/be/e3/921c93b4d9a280409451dc8d07b062b503bbec0531d2627e73a756e99a82/pandas-3.0.2-cp314-cp314t-manylinux_2_24_x86_64.manylinux_2_28_x86_64.whl", hash = "sha256:b444dc64c079e84df91baa8bf613d58405645461cabca929d9178f2cd392398d", size = 10743641, upload-time = "2026-03-31T06:48:16.659Z" },
    { url = "https://files.pythonhosted.org/packages/56/ca/fd17286f24fa3b4d067965d8d5d7e14fe557dd4f979a0b068ac0deaf8228/pandas-3.0.2-cp314-cp314t-musllinux_1_2_aarch64.whl", hash = "sha256:4544c7a54920de8eeacaa1466a6b7268ecfbc9bc64ab4dbb89c6bbe94d5e0660", size = 11361993, upload-time = "2026-03-31T06:48:19.475Z" },
    { url = "https://files.pythonhosted.org/packages/e4/a5/2f6ed612056819de445a433ca1f2821ac3dab7f150d569a59e9cc105de1d/pandas-3.0.2-cp314-cp314t-musllinux_1_2_x86_64.whl", hash = "sha256:734be7551687c00fbd760dc0522ed974f82ad230d4a10f54bf51b80d44a08702", size = 11815274, upload-time = "2026-03-31T06:48:22.695Z" },
    { url = "https://files.pythonhosted.org/packages/00/2f/b622683e99ec3ce00b0854bac9e80868592c5b051733f2cf3a868e5fea26/pandas-3.0.2-cp314-cp314t-win_amd64.whl", hash = "sha256:57a07209bebcbcf768d2d13c9b78b852f9a15978dac41b9e6421a81ad4cdd276", size = 10888530, upload-time = "2026-03-31T06:48:25.806Z" },
    { url = "https://files.pythonhosted.org/packages/cb/2b/f8434233fab2bd66a02ec014febe4e5adced20e2693e0e90a07d118ed30e/pandas-3.0.2-cp314-cp314t-win_arm64.whl", hash = "sha256:5371b72c2d4d415d08765f32d689217a43227484e81b2305b52076e328f6f482", size = 9455341, upload-time = "2026-03-31T06:48:28.418Z" },
]

[[package]]
name = "pyomo"
version = "6.10.0"
source = { registry = "https://pypi.org/simple" }
sdist = { url = "https://files.pythonhosted.org/packages/df/be/6aa8022dec69bf837885a094b9bc8d452debcb455ab69b66ee27cc6563e3/pyomo-6.10.0.tar.gz", hash = "sha256:672fac375e57e121ca935adcc16a1cd118be8afa1a3e5608161fb86220c3a577", size = 3171562, upload-time = "2026-02-20T21:42:31.639Z" }
wheels = [
    { url = "https://files.pythonhosted.org/packages/1c/66/b4fe4f6f9dcdb01c8590d507a4090c7ffdb72a2832115ce07fb83b23e718/pyomo-6.10.0-cp313-cp313-macosx_10_13_x86_64.whl", hash = "sha256:376dc045e62285b42ce41706df370f2ab5ac8babb31e2750aa3bf9eb6ce938ac", size = 4430253, upload-time = "2026-02-20T21:49:28.949Z" },
    { url = "https://files.pythonhosted.org/packages/75/01/a8c1539654b29903a98310fb34fd4caeebf67061289f552b1ea826462156/pyomo-6.10.0-cp313-cp313-macosx_11_0_arm64.whl", hash = "sha256:4bc7b77278da187e6bcd603317cb60dd6555aeff8159c811eb9755fc873c4928", size = 4416089, upload-time = "2026-02-20T21:49:34.724Z" },
    { url = "https://files.pythonhosted.org/packages/e7/ef/bf19632527bba7149d5a1d18ad5a923ee4956cd2a7c6dcc595a43321ca2e/pyomo-6.10.0-cp313-cp313-manylinux_2_24_aarch64.manylinux_2_28_aarch64.whl", hash = "sha256:e13d6ac1c837419d2140618faeee061c7ab8e09c872005a9e75ec46bcb6c85e4", size = 4484042, upload-time = "2026-02-27T17:09:44.869Z" },
    { url = "https://files.pythonhosted.org/packages/dd/4e/9d523d75a64dc7ed13fd76bbf94618666456b0b69dcf1f2dc308ada982f9/pyomo-6.10.0-cp313-cp313-manylinux_2_24_x86_64.manylinux_2_28_x86_64.whl", hash = "sha256:d6dcf06214b71617d45a7cb238793171863bf0a30d9e1740190443813baee200", size = 4513077, upload-time = "2026-02-20T21:49:40.608Z" },
    { url = "https://files.pythonhosted.org/packages/2b/11/ebc9e817490a7992e950cca96b2671c2a490b08f9eb9e4fdc5091c6e77b8/pyomo-6.10.0-cp314-cp314-macosx_10_15_x86_64.whl", hash = "sha256:581dfe7e747c322177e64236cb3fee7fa015d7e6022f66b59394b927f0f29b0a", size = 4431213, upload-time = "2026-02-20T21:49:47.522Z" },
    { url = "https://files.pythonhosted.org/packages/93/54/f0705ba23eab3f2287e58c3cdd34b51b18e12bbd98dc96bf57defb0eb6cd/pyomo-6.10.0-cp314-cp314-macosx_11_0_arm64.whl", hash = "sha256:70ab5312b1aa8b95618c3766c3e3f7be3e4d730e41ce24eea1b59eb5831d6817", size = 4416909, upload-time = "2026-02-20T21:49:53.383Z" },
    { url = "https://files.pythonhosted.org/packages/3f/d8/57012015ead9c60815976d3aa8948f8a0bcc621ea643c0eb520b84147739/pyomo-6.10.0-cp314-cp314-manylinux_2_24_aarch64.manylinux_2_28_aarch64.whl", hash = "sha256:d7519673917e049ba0910fc8b19648ebf711ebec9c685c7c840d66d5471dcc0c", size = 4486590, upload-time = "2026-02-27T17:09:54.395Z" },
    { url = "https://files.pythonhosted.org/packages/52/48/8bdf61ee998f65e2e00d65778e2a4cfe41129953a6b0ba72e7a5f5cefdc6/pyomo-6.10.0-cp314-cp314-manylinux_2_24_x86_64.manylinux_2_28_x86_64.whl", hash = "sha256:505a1ea36f80125b878d8d0e34f3eb6af2cac3309523011caf1877d88fd16ecd", size = 4514075, upload-time = "2026-02-20T21:49:59.483Z" },
    { url = "https://files.pythonhosted.org/packages/73/17/62983f857eb592d5ede12f0f41ddbe5d1fa17c2796fb8c3db8ac7859e177/pyomo-6.10.0-cp314-cp314t-macosx_10_15_x86_64.whl", hash = "sha256:905a16f21e90b44d9a52e2aaa9884c467abf50a945d08b9ddb8db40d4d707dbc", size = 4452689, upload-time = "2026-02-20T21:50:05.288Z" },
    { url = "https://files.pythonhosted.org/packages/67/e3/502d561a64259274c046f705e2325189e84a77c624f043f34fbd2f14e793/pyomo-6.10.0-cp314-cp314t-macosx_11_0_arm64.whl", hash = "sha256:4859fb1a0f78ac0f5fad00199244d461d7bc100c8f76a61d696a1e1461d68bb0", size = 4439487, upload-time = "2026-02-20T21:50:11.116Z" },
    { url = "https://files.pythonhosted.org/packages/3b/89/89164dcf7549f1034b1f8646b4b3cf6e1ec09cb0d30dfaa3fce125fd95a4/pyomo-6.10.0-cp314-cp314t-manylinux_2_24_aarch64.manylinux_2_28_aarch64.whl", hash = "sha256:07d69ae184c8206a4064fc13fe6b48d4a5aac7f18cbf8f6bed30faf9d3762106", size = 4479850, upload-time = "2026-02-27T17:10:04.269Z" },
    { url = "https://files.pythonhosted.org/packages/65/bd/cb4535b0bb63a7bcc968464ab739f54d2f4d15fe7924547336f5bd299513/pyomo-6.10.0-cp314-cp314t-manylinux_2_24_x86_64.manylinux_2_28_x86_64.whl", hash = "sha256:0590505b282468c9fc2555ced544213227a0a466bbc667826a36cc922afec6d7", size = 4506738, upload-time = "2026-02-20T21:50:17.382Z" },
    { url = "https://files.pythonhosted.org/packages/88/1d/b5dad00739979353726059137a647acf031ef3af5557a9d227ca7b32481d/pyomo-6.10.0-py3-none-any.whl", hash = "sha256:3fc34402474f78c9144c735499c8dc6a0570948034f4c668d24727ec1b4671b1", size = 4052690, upload-time = "2026-02-27T17:10:13.653Z" },
]

[[package]]
name = "python-dateutil"
version = "2.9.0.post0"
source = { registry = "https://pypi.org/simple" }
dependencies = [
    { name = "six" },
]
sdist = { url = "https://files.pythonhosted.org/packages/66/c0/0c8b6ad9f17a802ee498c46e004a0eb49bc148f2fd230864601a86dcf6db/python-dateutil-2.9.0.post0.tar.gz", hash = "sha256:37dd54208da7e1cd875388217d5e00ebd4179249f90fb72437e91a35459a0ad3", size = 342432, upload-time = "2024-03-01T18:36:20.211Z" }
wheels = [
    { url = "https://files.pythonhosted.org/packages/ec/57/56b9bcc3c9c6a792fcbaf139543cee77261f3651ca9da0c93f5c1221264b/python_dateutil-2.9.0.post0-py2.py3-none-any.whl", hash = "sha256:a8b2bc7bffae282281c8140a97d3aa9c14da0b136dfe83f850eea9a5f7470427", size = 229892, upload-time = "2024-03-01T18:36:18.57Z" },
]

[[package]]
name = "six"
version = "1.17.0"
source = { registry = "https://pypi.org/simple" }
sdist = { url = "https://files.pythonhosted.org/packages/94/e7/b2c673351809dca68a0e064b6af791aa332cf192da575fd474ed7d6f16a2/six-1.17.0.tar.gz", hash = "sha256:ff70335d468e7eb6ec65b95b99d3a2836546063f63acc5171de367e834932a81", size = 34031, upload-time = "2024-12-04T17:35:28.174Z" }
wheels = [
    { url = "https://files.pythonhosted.org/packages/b7/ce/149a00dd41f10bc29e5921b496af8b574d8413afcd5e30dfa0ed46c2cc5e/six-1.17.0-py2.py3-none-any.whl", hash = "sha256:4721f391ed90541fddacab5acf947aa0d3dc7d27b2e1e8eda2be8970586c3274", size = 11050, upload-time = "2024-12-04T17:35:26.475Z" },
]

[[package]]
name = "tzdata"
version = "2025.3"
source = { registry = "https://pypi.org/simple" }
sdist = { url = "https://files.pythonhosted.org/packages/5e/a7/c202b344c5ca7daf398f3b8a477eeb205cf3b6f32e7ec3a6bac0629ca975/tzdata-2025.3.tar.gz", hash = "sha256:de39c2ca5dc7b0344f2eba86f49d614019d29f060fc4ebc8a417896a620b56a7", size = 196772, upload-time = "2025-12-13T17:45:35.667Z" }
wheels = [
    { url = "https://files.pythonhosted.org/packages/c7/b0/003792df09decd6849a5e39c28b513c06e84436a54440380862b5aeff25d/tzdata-2025.3-py2.py3-none-any.whl", hash = "sha256:06a47e5700f3081aab02b2e513160914ff0694bce9947d6b76ebd6bf57cfc5d1", size = 348521, upload-time = "2025-12-13T17:45:33.889Z" },
]
